
Microsoft Visual Studio Solution File, Format Version 12.00
Project("{FAE04EC0-301F-11D3-BF4B-00C04F79EFBC}") = "MyDependencyInjection.CApp", "MyDependencyInjection.CApp\MyDependencyInjection.CApp.csproj", "{15E4677B-794B-482E-82DC-E09DBCCFF849}"
EndProject
Project("{FAE04EC0-301F-11D3-BF4B-00C04F79EFBC}") = "MyDependencyInjection.DI", "MyDependencyInjection.DI\MyDependencyInjection.DI.csproj", "{35DAEC83-020E-47CB-A710-7611EF9FF354}"
EndProject
Global
	GlobalSection(SolutionConfigurationPlatforms) = preSolution
		Debug|Any CPU = Debug|Any CPU
		Release|Any CPU = Release|Any CPU
	EndGlobalSection
	GlobalSection(ProjectConfigurationPlatforms) = postSolution
		{15E4677B-794B-482E-82DC-E09DBCCFF849}.Debug|Any CPU.ActiveCfg = Debug|Any CPU
		{15E4677B-794B-482E-82DC-E09DBCCFF849}.Debug|Any CPU.Build.0 = Debug|Any CPU
		{15E4677B-794B-482E-82DC-E09DBCCFF849}.Release|Any CPU.ActiveCfg = Release|Any CPU
		{15E4677B-794B-482E-82DC-E09DBCCFF849}.Release|Any CPU.Build.0 = Release|Any CPU
		{35DAEC83-020E-47CB-A710-7611EF9FF354}.Debug|Any CPU.ActiveCfg = Debug|Any CPU
		{35DAEC83-020E-47CB-A710-7611EF9FF354}.Debug|Any CPU.Build.0 = Debug|Any CPU
		{35DAEC83-020E-47CB-A710-7611EF9FF354}.Release|Any CPU.ActiveCfg = Release|Any CPU
		{35DAEC83-020E-47CB-A710-7611EF9FF354}.Release|Any CPU.Build.0 = Release|Any CPU
	EndGlobalSection
EndGlobal
